github.com/jeffotoni/concat v0.0.1 h1:GDs1+ft3hNIw3FDGne3Qod/UScvdwHMyEM8p5cbfzKY=
github.com/jeffotoni/concat v0.0.1/go.mod h1:uiBgJA+SQfPoUYS1c/X1Nx5EozVmqMeNpnH1Qm+jU9k=
github.com/jeffotoni/concat v0.0.2 h1:r2CqdMDf+X3+yZ1eKZJwfkmNICPQmd5YQH0jKHzfwHI=
github.com/jeffotoni/concat v0.0.2/go.mod h1:uiBgJA+SQfPoUYS1c/X1Nx5EozVmqMeNpnH1Qm+jU9k=
